
Microsoft Visual Studio Solution File, Format Version 12.00
# Visual Studio Version 17
VisualStudioVersion = 17.1.32319.34
MinimumVisualStudioVersion = 10.0.40219.1
Project("{8BC9CEB8-8B4A-11D0-8D11-00A0C91BC942}") = "BAEKJOON_PERSONAL", "BAEKJOON_PERSONAL\BAEKJOON_PERSONAL.vcxproj", "{B1DE8607-A497-48A3-A2C2-113152C0E797}"
EndProject
Global
	GlobalSection(SolutionConfigurationPlatforms) = preSolution
		Debug|x64 = Debug|x64
		Debug|x86 = Debug|x86
		Release|x64 = Release|x64
		Release|x86 = Release|x86
	EndGlobalSection
	GlobalSection(ProjectConfigurationPlatforms) = postSolution
		{B1DE8607-A497-48A3-A2C2-113152C0E797}.Debug|x64.ActiveCfg = Debug|x64
		{B1DE8607-A497-48A3-A2C2-113152C0E797}.Debug|x64.Build.0 = Debug|x64
		{B1DE8607-A497-48A3-A2C2-113152C0E797}.Debug|x86.ActiveCfg = Debug|Win32
		{B1DE8607-A497-48A3-A2C2-113152C0E797}.Debug|x86.Build.0 = Debug|Win32
		{B1DE8607-A497-48A3-A2C2-113152C0E797}.Release|x64.ActiveCfg = Release|x64
		{B1DE8607-A497-48A3-A2C2-113152C0E797}.Release|x64.Build.0 = Release|x64
		{B1DE8607-A497-48A3-A2C2-113152C0E797}.Release|x86.ActiveCfg = Release|Win32
		{B1DE8607-A497-48A3-A2C2-113152C0E797}.Release|x86.Build.0 = Release|Win32
	EndGlobalSection
	GlobalSection(SolutionProperties) = preSolution
		HideSolutionNode = FALSE
	EndGlobalSection
	GlobalSection(ExtensibilityGlobals) = postSolution
		SolutionGuid = {EDB01B0D-5651-4325-9EB2-863423E0BC0C}
	EndGlobalSection
EndGlobal
